Microsoft Visual Studio Solution File, Format Version 11.00
# Visual Studio 2008

Project("{40ABE9DE-D2E9-6CBE-6A53-39112E8F5022}") = "Viiiz", "Assembly-CSharp-firstpass.csproj", "{3B735B54-7ACD-6EB6-CC57-6564E90FE0D9}"
EndProject
Project("{40ABE9DE-D2E9-6CBE-6A53-39112E8F5022}") = "Viiiz", "Assembly-CSharp.csproj", "{2852AB85-1788-4D0F-9B6A-896D9F7CC7D4}"
EndProject
Project("{40ABE9DE-D2E9-6CBE-6A53-39112E8F5022}") = "Viiiz", "Assembly-UnityScript-firstpass.unityproj", "{ACD0EF06-D4AD-94BB-3BA4-3C21B4DD5910}"
EndProject
Global
	GlobalSection(SolutionConfigurationPlatforms) = preSolution
		Debug|Any CPU = Debug|Any CPU
		Release|Any CPU = Release|Any CPU
	EndGlobalSection
	GlobalSection(ProjectConfigurationPlatforms) = postSolution
		{3B735B54-7ACD-6EB6-CC57-6564E90FE0D9}.Debug|Any CPU.ActiveCfg = Debug|Any CPU
		{3B735B54-7ACD-6EB6-CC57-6564E90FE0D9}.Debug|Any CPU.Build.0 = Debug|Any CPU
		{3B735B54-7ACD-6EB6-CC57-6564E90FE0D9}.Release|Any CPU.ActiveCfg = Release|Any CPU
		{3B735B54-7ACD-6EB6-CC57-6564E90FE0D9}.Release|Any CPU.Build.0 = Release|Any CPU
		{2852AB85-1788-4D0F-9B6A-896D9F7CC7D4}.Debug|Any CPU.ActiveCfg = Debug|Any CPU
		{2852AB85-1788-4D0F-9B6A-896D9F7CC7D4}.Debug|Any CPU.Build.0 = Debug|Any CPU
		{2852AB85-1788-4D0F-9B6A-896D9F7CC7D4}.Release|Any CPU.ActiveCfg = Release|Any CPU
		{2852AB85-1788-4D0F-9B6A-896D9F7CC7D4}.Release|Any CPU.Build.0 = Release|Any CPU
		{ACD0EF06-D4AD-94BB-3BA4-3C21B4DD5910}.Debug|Any CPU.ActiveCfg = Debug|Any CPU
		{ACD0EF06-D4AD-94BB-3BA4-3C21B4DD5910}.Debug|Any CPU.Build.0 = Debug|Any CPU
		{ACD0EF06-D4AD-94BB-3BA4-3C21B4DD5910}.Release|Any CPU.ActiveCfg = Release|Any CPU
		{ACD0EF06-D4AD-94BB-3BA4-3C21B4DD5910}.Release|Any CPU.Build.0 = Release|Any CPU
	EndGlobalSection
	GlobalSection(SolutionProperties) = preSolution
		HideSolutionNode = FALSE
	EndGlobalSection
	GlobalSection(MonoDevelopProperties) = preSolution
		StartupItem = Assembly-CSharp.csproj
	EndGlobalSection
EndGlobal
